// !$*UTF8*$!
{
	archiveVersion = 1;
	classes = {
	};
	objectVersion = 46;
	objects = {

/* Begin PBXBuildFile section */
		239325661CB80F9D005DD44B /* MMDeck2.m in Sources */ = {isa = PBXBuildFile; fileRef = 239325651CB80F9D005DD44B /* MMDeck2.m */; };
		A3549DD91A60EFB900F97967 /* AppDelegate.m in Sources */ = {isa = PBXBuildFile; fileRef = A3549DD81A60EFB900F97967 /* AppDelegate.m */; };
		A3549DDB1A60EFB900F97967 /* main.m in Sources */ = {isa = PBXBuildFile; fileRef = A3549DDA1A60EFB900F97967 /* main.m */; };
		A3549DDD1A60EFB900F97967 /* Images.xcassets in Resources */ = {isa = PBXBuildFile; fileRef = A3549DDC1A60EFB900F97967 /* Images.xcassets */; };
		A3549DE01A60EFB900F97967 /* MainMenu.xib in Resources */ = {isa = PBXBuildFile; fileRef = A3549DDE1A60EFB900F97967 /* MainMenu.xib */; };
		A3549DEC1A60EFB900F97967 /* HyperControllerDesktopTests.m in Sources */ = {isa = PBXBuildFile; fileRef = A3549DEB1A60EFB900F97967 /* HyperControllerDesktopTests.m */; };
		A3549DFC1A60EFEE00F97967 /* ViewController.m in Sources */ = {isa = PBXBuildFile; fileRef = A3549DF61A60EFEE00F97967 /* ViewController.m */; };
		A3549E031A60EFFC00F97967 /* GCDAsyncSocket.m in Sources */ = {isa = PBXBuildFile; fileRef = A3549E021A60EFFC00F97967 /* GCDAsyncSocket.m */; };
/* End PBXBuildFile section */

/* Begin PBXContainerItemProxy section */
		A3549DE61A60EFB900F97967 /* PBXContainerItemProxy */ = {
			isa = PBXContainerItemProxy;
			containerPortal = A3549DCA1A60EFB900F97967 /* Project object */;
			proxyType = 1;
			remoteGlobalIDString = A3549DD11A60EFB900F97967;
			remoteInfo = HyperControllerDesktop;
		};
/* End PBXContainerItemProxy section */

/* Begin PBXFileReference section */
		239325641CB80F9D005DD44B /* MMDeck2.h */ = {isa = PBXFileReference; fileEncoding = 4; lastKnownFileType = sourcecode.c.h; path = MMDeck2.h; sourceTree = "<group>"; };
		239325651CB80F9D005DD44B /* MMDeck2.m */ = {isa = PBXFileReference; fileEncoding = 4; lastKnownFileType = sourcecode.c.objc; path = MMDeck2.m; sourceTree = "<group>"; };
		A3549DD21A60EFB900F97967 /* HyperControllerDesktop.app */ = {isa = PBXFileReference; explicitFileType = wrapper.application; includeInIndex = 0; path = HyperControllerDesktop.app; sourceTree = BUILT_PRODUCTS_DIR; };
		A3549DD61A60EFB900F97967 /* Info.plist */ = {isa = PBXFileReference; lastKnownFileType = text.plist.xml; path = Info.plist; sourceTree = "<group>"; };
		A3549DD71A60EFB900F97967 /* AppDelegate.h */ = {isa = PBXFileReference; lastKnownFileType = sourcecode.c.h; path = AppDelegate.h; sourceTree = "<group>"; };
		A3549DD81A60EFB900F97967 /* AppDelegate.m */ = {isa = PBXFileReference; lastKnownFileType = sourcecode.c.objc; path = AppDelegate.m; sourceTree = "<group>"; };
		A3549DDA1A60EFB900F97967 /* main.m */ = {isa = PBXFileReference; lastKnownFileType = sourcecode.c.objc; path = main.m; sourceTree = "<group>"; };
		A3549DDC1A60EFB900F97967 /* Images.xcassets */ = {isa = PBXFileReference; lastKnownFileType = folder.assetcatalog; path = Images.xcassets; sourceTree = "<group>"; };
		A3549DDF1A60EFB900F97967 /* Base */ = {isa = PBXFileReference; lastKnownFileType = file.xib; name = Base; path = Base.lproj/MainMenu.xib; sourceTree = "<group>"; };
		A3549DE51A60EFB900F97967 /* HyperControllerDesktopTests.xctest */ = {isa = PBXFileReference; explicitFileType = wrapper.cfbundle; includeInIndex = 0; path = HyperControllerDesktopTests.xctest; sourceTree = BUILT_PRODUCTS_DIR; };
		A3549DEA1A60EFB900F97967 /* Info.plist */ = {isa = PBXFileReference; lastKnownFileType = text.plist.xml; path = Info.plist; sourceTree = "<group>"; };
		A3549DEB1A60EFB900F97967 /* HyperControllerDesktopTests.m */ = {isa = PBXFileReference; lastKnownFileType = sourcecode.c.objc; path = HyperControllerDesktopTests.m; sourceTree = "<group>"; };
		A3549DF51A60EFEE00F97967 /* ViewController.h */ = {isa = PBXFileReference; fileEncoding = 4; lastKnownFileType = sourcecode.c.h; path = ViewController.h; sourceTree = "<group>"; };
		A3549DF61A60EFEE00F97967 /* ViewController.m */ = {isa = PBXFileReference; fileEncoding = 4; lastKnownFileType = sourcecode.c.objc; path = ViewController.m; sourceTree = "<group>"; };
		A3549E011A60EFFC00F97967 /* GCDAsyncSocket.h */ = {isa = PBXFileReference; fileEncoding = 4; lastKnownFileType = sourcecode.c.h; path = GCDAsyncSocket.h; sourceTree = "<group>"; };
		A3549E021A60EFFC00F97967 /* GCDAsyncSocket.m */ = {isa = PBXFileReference; fileEncoding = 4; lastKnownFileType = sourcecode.c.objc; path = GCDAsyncSocket.m; sourceTree = "<group>"; };
/* End PBXFileReference section */

/* Begin PBXFrameworksBuildPhase section */
		A3549DCF1A60EFB900F97967 /* Frameworks */ = {
			isa = PBXFrameworksBuildPhase;
			buildActionMask = 2147483647;
			files = (
			);
			runOnlyForDeploymentPostprocessing = 0;
		};
		A3549DE21A60EFB900F97967 /* Frameworks */ = {
			isa = PBXFrameworksBuildPhase;
			buildActionMask = 2147483647;
			files = (
			);
			runOnlyForDeploymentPostprocessing = 0;
		};
/* End PBXFrameworksBuildPhase section */

/* Begin PBXGroup section */
		A3549DC91A60EFB900F97967 = {
			isa = PBXGroup;
			children = (
				A3549DD41A60EFB900F97967 /* HyperControllerDesktop */,
				A3549DE81A60EFB900F97967 /* HyperControllerDesktopTests */,
				A3549DD31A60EFB900F97967 /* Products */,
			);
			sourceTree = "<group>";
		};
		A3549DD31A60EFB900F97967 /* Products */ = {
			isa = PBXGroup;
			children = (
				A3549DD21A60EFB900F97967 /* HyperControllerDesktop.app */,
				A3549DE51A60EFB900F97967 /* HyperControllerDesktopTests.xctest */,
			);
			name = Products;
			sourceTree = "<group>";
		};
		A3549DD41A60EFB900F97967 /* HyperControllerDesktop */ = {
			isa = PBXGroup;
			children = (
				A3549DD71A60EFB900F97967 /* AppDelegate.h */,
				A3549DD81A60EFB900F97967 /* AppDelegate.m */,
				A3549DF51A60EFEE00F97967 /* ViewController.h */,
				A3549DF61A60EFEE00F97967 /* ViewController.m */,
				239325641CB80F9D005DD44B /* MMDeck2.h */,
				239325651CB80F9D005DD44B /* MMDeck2.m */,
				A3549DDC1A60EFB900F97967 /* Images.xcassets */,
				A3549DDE1A60EFB900F97967 /* MainMenu.xib */,
				A3549DD51A60EFB900F97967 /* Supporting Files */,
			);
			path = HyperControllerDesktop;
			sourceTree = "<group>";
		};
		A3549DD51A60EFB900F97967 /* Supporting Files */ = {
			isa = PBXGroup;
			children = (
				A3549E011A60EFFC00F97967 /* GCDAsyncSocket.h */,
				A3549E021A60EFFC00F97967 /* GCDAsyncSocket.m */,
				A3549DD61A60EFB900F97967 /* Info.plist */,
				A3549DDA1A60EFB900F97967 /* main.m */,
			);
			name = "Supporting Files";
			sourceTree = "<group>";
		};
		A3549DE81A60EFB900F97967 /* HyperControllerDesktopTests */ = {
			isa = PBXGroup;
			children = (
				A3549DEB1A60EFB900F97967 /* HyperControllerDesktopTests.m */,
				A3549DE91A60EFB900F97967 /* Supporting Files */,
			);
			path = HyperControllerDesktopTests;
			sourceTree = "<group>";
		};
		A3549DE91A60EFB900F97967 /* Supporting Files */ = {
			isa = PBXGroup;
			children = (
				A3549DEA1A60EFB900F97967 /* Info.plist */,
			);
			name = "Supporting Files";
			sourceTree = "<group>";
		};
/* End PBXGroup section */

/* Begin PBXNativeTarget section */
		A3549DD11A60EFB900F97967 /* HyperControllerDesktop */ = {
			isa = PBXNativeTarget;
			buildConfigurationList = A3549DEF1A60EFB900F97967 /* Build configuration list for PBXNativeTarget "HyperControllerDesktop" */;
			buildPhases = (
				A3549DCE1A60EFB900F97967 /* Sources */,
				A3549DCF1A60EFB900F97967 /* Frameworks */,
				A3549DD01A60EFB900F97967 /* Resources */,
			);
			buildRules = (
			);
			dependencies = (
			);
			name = HyperControllerDesktop;
			productName = HyperControllerDesktop;
			productReference = A3549DD21A60EFB900F97967 /* HyperControllerDesktop.app */;
			productType = "com.apple.product-type.application";
		};
		A3549DE41A60EFB900F97967 /* HyperControllerDesktopTests */ = {
			isa = PBXNativeTarget;
			buildConfigurationList = A3549DF21A60EFB900F97967 /* Build configuration list for PBXNativeTarget "HyperControllerDesktopTests" */;
			buildPhases = (
				A3549DE11A60EFB900F97967 /* Sources */,
				A3549DE21A60EFB900F97967 /* Frameworks */,
				A3549DE31A60EFB900F97967 /* Resources */,
			);
			buildRules = (
			);
			dependencies = (
				A3549DE71A60EFB900F97967 /* PBXTargetDependency */,
			);
			name = HyperControllerDesktopTests;
			productName = HyperControllerDesktopTests;
			productReference = A3549DE51A60EFB900F97967 /* HyperControllerDesktopTests.xctest */;
			productType = "com.apple.product-type.bundle.unit-test";
		};
/* End PBXNativeTarget section */

/* Begin PBXProject section */
		A3549DCA1A60EFB900F97967 /* Project object */ = {
			isa = PBXProject;
			attributes = {
				LastUpgradeCheck = 0610;
				ORGANIZATIONNAME = MirrorMedia;
				TargetAttributes = {
					A3549DD11A60EFB900F97967 = {
						CreatedOnToolsVersion = 6.1.1;
					};
					A3549DE41A60EFB900F97967 = {
						CreatedOnToolsVersion = 6.1.1;
						TestTargetID = A3549DD11A60EFB900F97967;
					};
				};
			};
			buildConfigurationList = A3549DCD1A60EFB900F97967 /* Build configuration list for PBXProject "HyperControllerDesktop" */;
			compatibilityVersion = "Xcode 3.2";
			developmentRegion = English;
			hasScannedForEncodings = 0;
			knownRegions = (
				en,
				Base,
			);
			mainGroup = A3549DC91A60EFB900F97967;
			productRefGroup = A3549DD31A60EFB900F97967 /* Products */;
			projectDirPath = "";
			projectRoot = "";
			targets = (
				A3549DD11A60EFB900F97967 /* HyperControllerDesktop */,
				A3549DE41A60EFB900F97967 /* HyperControllerDesktopTests */,
			);
		};
/* End PBXProject section */

/* Begin PBXResourcesBuildPhase section */
		A3549DD01A60EFB900F97967 /* Resources */ = {
			isa = PBXResourcesBuildPhase;
			buildActionMask = 2147483647;
			files = (
				A3549DDD1A60EFB900F97967 /* Images.xcassets in Resources */,
				A3549DE01A60EFB900F97967 /* MainMenu.xib in Resources */,
			);
			runOnlyForDeploymentPostprocessing = 0;
		};
		A3549DE31A60EFB900F97967 /* Resources */ = {
			isa = PBXResourcesBuildPhase;
			buildActionMask = 2147483647;
			files = (
			);
			runOnlyForDeploymentPostprocessing = 0;
		};
/* End PBXResourcesBuildPhase section */

/* Begin PBXSourcesBuildPhase section */
		A3549DCE1A60EFB900F97967 /* Sources */ = {
			isa = PBXSourcesBuildPhase;
			buildActionMask = 2147483647;
			files = (
				239325661CB80F9D005DD44B /* MMDeck2.m in Sources */,
				A3549E031A60EFFC00F97967 /* GCDAsyncSocket.m in Sources */,
				A3549DFC1A60EFEE00F97967 /* ViewController.m in Sources */,
				A3549DDB1A60EFB900F97967 /* main.m in Sources */,
				A3549DD91A60EFB900F97967 /* AppDelegate.m in Sources */,
			);
			runOnlyForDeploymentPostprocessing = 0;
		};
		A3549DE11A60EFB900F97967 /* Sources */ = {
			isa = PBXSourcesBuildPhase;
			buildActionMask = 2147483647;
			files = (
				A3549DEC1A60EFB900F97967 /* HyperControllerDesktopTests.m in Sources */,
			);
			runOnlyForDeploymentPostprocessing = 0;
		};
/* End PBXSourcesBuildPhase section */

/* Begin PBXTargetDependency section */
		A3549DE71A60EFB900F97967 /* PBXTargetDependency */ = {
			isa = PBXTargetDependency;
			target = A3549DD11A60EFB900F97967 /* HyperControllerDesktop */;
			targetProxy = A3549DE61A60EFB900F97967 /* PBXContainerItemProxy */;
		};
/* End PBXTargetDependency section */

/* Begin PBXVariantGroup section */
		A3549DDE1A60EFB900F97967 /* MainMenu.xib */ = {
			isa = PBXVariantGroup;
			children = (
				A3549DDF1A60EFB900F97967 /* Base */,
			);
			name = MainMenu.xib;
			sourceTree = "<group>";
		};
/* End PBXVariantGroup section */

/* Begin XCBuildConfiguration section */
		A3549DED1A60EFB900F97967 /* Debug */ = {
			isa = XCBuildConfiguration;
			buildSettings = {
				ALWAYS_SEARCH_USER_PATHS = NO;
				CLANG_CXX_LANGUAGE_STANDARD = "gnu++0x";
				CLANG_CXX_LIBRARY = "libc++";
				CLANG_ENABLE_MODULES = YES;
				CLANG_ENABLE_OBJC_ARC = YES;
				CLANG_WARN_BOOL_CONVERSION = YES;
				CLANG_WARN_CONSTANT_CONVERSION = YES;
				CLANG_WARN_DIRECT_OBJC_ISA_USAGE = YES_ERROR;
				CLANG_WARN_EMPTY_BODY = YES;
				CLANG_WARN_ENUM_CONVERSION = YES;
				CLANG_WARN_INT_CONVERSION = YES;
				CLANG_WARN_OBJC_ROOT_CLASS = YES_ERROR;
				CLANG_WARN_UNREACHABLE_CODE = YES;
				CLANG_WARN__DUPLICATE_METHOD_MATCH = YES;
				CODE_SIGN_IDENTITY = "-";
				COPY_PHASE_STRIP = NO;
				ENABLE_STRICT_OBJC_MSGSEND = YES;
				GCC_C_LANGUAGE_STANDARD = gnu99;
				GCC_DYNAMIC_NO_PIC = NO;
				GCC_OPTIMIZATION_LEVEL = 0;
				GCC_PREPROCESSOR_DEFINITIONS = (
					"DEBUG=1",
					"$(inherited)",
				);
				GCC_SYMBOLS_PRIVATE_EXTERN = NO;
				GCC_WARN_64_TO_32_BIT_CONVERSION = YES;
				GCC_WARN_ABOUT_RETURN_TYPE = YES_ERROR;
				GCC_WARN_UNDECLARED_SELECTOR = YES;
				GCC_WARN_UNINITIALIZED_AUTOS = YES_AGGRESSIVE;
				GCC_WARN_UNUSED_FUNCTION = YES;
				GCC_WARN_UNUSED_VARIABLE = YES;
				MACOSX_DEPLOYMENT_TARGET = 10.10;
				MTL_ENABLE_DEBUG_INFO = YES;
				ONLY_ACTIVE_ARCH = YES;
				SDKROOT = macosx;
			};
			name = Debug;
		};
		A3549DEE1A60EFB900F97967 /* Release */ = {
			isa = XCBuildConfiguration;
			buildSettings = {
				ALWAYS_SEARCH_USER_PATHS = NO;
				CLANG_CXX_LANGUAGE_STANDARD = "gnu++0x";
				CLANG_CXX_LIBRARY = "libc++";
				CLANG_ENABLE_MODULES = YES;
				CLANG_ENABLE_OBJC_ARC = YES;
				CLANG_WARN_BOOL_CONVERSION = YES;
				CLANG_WARN_CONSTANT_CONVERSION = YES;
				CLANG_WARN_DIRECT_OBJC_ISA_USAGE = YES_ERROR;
				CLANG_WARN_EMPTY_BODY = YES;
				CLANG_WARN_ENUM_CONVERSION = YES;
				CLANG_WARN_INT_CONVERSION = YES;
				CLANG_WARN_OBJC_ROOT_CLASS = YES_ERROR;
				CLANG_WARN_UNREACHABLE_CODE = YES;
				CLANG_WARN__DUPLICATE_METHOD_MATCH = YES;
				CODE_SIGN_IDENTITY = "-";
				COPY_PHASE_STRIP = YES;
				DEBUG_INFORMATION_FORMAT = "dwarf-with-dsym";
				ENABLE_NS_ASSERTIONS = NO;
				ENABLE_STRICT_OBJC_MSGSEND = YES;
				GCC_C_LANGUAGE_STANDARD = gnu99;
				GCC_WARN_64_TO_32_BIT_CONVERSION = YES;
				GCC_WARN_ABOUT_RETURN_TYPE = YES_ERROR;
				GCC_WARN_UNDECLARED_SELECTOR = YES;
				GCC_WARN_UNINITIALIZED_AUTOS = YES_AGGRESSIVE;
				GCC_WARN_UNUSED_FUNCTION = YES;
				GCC_WARN_UNUSED_VARIABLE = YES;
				MACOSX_DEPLOYMENT_TARGET = 10.10;
				MTL_ENABLE_DEBUG_INFO = NO;
				SDKROOT = macosx;
			};
			name = Release;
		};
		A3549DF01A60EFB900F97967 /* Debug */ = {
			isa = XCBuildConfiguration;
			buildSettings = {
				ASSETCATALOG_COMPILER_APPICON_NAME = AppIcon;
				COMBINE_HIDPI_IMAGES = YES;
				FRAMEWORK_SEARCH_PATHS = (
					"$(inherited)",
					"$(PROJECT_DIR)",
				);
				INFOPLIST_FILE = HyperControllerDesktop/Info.plist;
				LD_RUNPATH_SEARCH_PATHS = "$(inherited) @executable_path/../Frameworks";
				PRODUCT_NAME = "$(TARGET_NAME)";
			};
			name = Debug;
		};
		A3549DF11A60EFB900F97967 /* Release */ = {
			isa = XCBuildConfiguration;
			buildSettings = {
				ASSETCATALOG_COMPILER_APPICON_NAME = AppIcon;
				COMBINE_HIDPI_IMAGES = YES;
				FRAMEWORK_SEARCH_PATHS = (
					"$(inherited)",
					"$(PROJECT_DIR)",
				);
				INFOPLIST_FILE = HyperControllerDesktop/Info.plist;
				LD_RUNPATH_SEARCH_PATHS = "$(inherited) @executable_path/../Frameworks";
				PRODUCT_NAME = "$(TARGET_NAME)";
			};
			name = Release;
		};
		A3549DF31A60EFB900F97967 /* Debug */ = {
			isa = XCBuildConfiguration;
			buildSettings = {
				BUNDLE_LOADER = "$(TEST_HOST)";
				COMBINE_HIDPI_IMAGES = YES;
				FRAMEWORK_SEARCH_PATHS = (
					"$(DEVELOPER_FRAMEWORKS_DIR)",
					"$(inherited)",
				);
				GCC_PREPROCESSOR_DEFINITIONS = (
					"DEBUG=1",
					"$(inherited)",
				);
				INFOPLIST_FILE = HyperControllerDesktopTests/Info.plist;
				LD_RUNPATH_SEARCH_PATHS = "$(inherited) @executable_path/../Frameworks @loader_path/../Frameworks";
				PRODUCT_NAME = "$(TARGET_NAME)";
				TEST_HOST = "$(BUILT_PRODUCTS_DIR)/HyperControllerDesktop.app/Contents/MacOS/HyperControllerDesktop";
			};
			name = Debug;
		};
		A3549DF41A60EFB900F97967 /* Release */ = {
			isa = XCBuildConfiguration;
			buildSettings = {
				BUNDLE_LOADER = "$(TEST_HOST)";
				COMBINE_HIDPI_IMAGES = YES;
				FRAMEWORK_SEARCH_PATHS = (
					"$(DEVELOPER_FRAMEWORKS_DIR)",
					"$(inherited)",
				);
				INFOPLIST_FILE = HyperControllerDesktopTests/Info.plist;
				LD_RUNPATH_SEARCH_PATHS = "$(inherited) @executable_path/../Frameworks @loader_path/../Frameworks";
				PRODUCT_NAME = "$(TARGET_NAME)";
				TEST_HOST = "$(BUILT_PRODUCTS_DIR)/HyperControllerDesktop.app/Contents/MacOS/HyperControllerDesktop";
			};
			name = Release;
		};
/* End XCBuildConfiguration section */

/* Begin XCConfigurationList section */
		A3549DCD1A60EFB900F97967 /* Build configuration list for PBXProject "HyperControllerDesktop" */ = {
			isa = XCConfigurationList;
			buildConfigurations = (
				A3549DED1A60EFB900F97967 /* Debug */,
				A3549DEE1A60EFB900F97967 /* Release */,
			);
			defaultConfigurationIsVisible = 0;
			defaultConfigurationName = Release;
		};
		A3549DEF1A60EFB900F97967 /* Build configuration list for PBXNativeTarget "HyperControllerDesktop" */ = {
			isa = XCConfigurationList;
			buildConfigurations = (
				A3549DF01A60EFB900F97967 /* Debug */,
				A3549DF11A60EFB900F97967 /* Release */,
			);
			defaultConfigurationIsVisible = 0;
			defaultConfigurationName = Release;
		};
		A3549DF21A60EFB900F97967 /* Build configuration list for PBXNativeTarget "HyperControllerDesktopTests" */ = {
			isa = XCConfigurationList;
			buildConfigurations = (
				A3549DF31A60EFB900F97967 /* Debug */,
				A3549DF41A60EFB900F97967 /* Release */,
			);
			defaultConfigurationIsVisible = 0;
			defaultConfigurationName = Release;
		};
/* End XCConfigurationList section */
	};
	rootObject = A3549DCA1A60EFB900F97967 /* Project object */;
}
